
Microsoft Visual Studio Solution File, Format Version 12.00
# Visual Studio 2012
Project("{8A4D642E-824A-4D58-BD56-648CC30C8F17}") = "Application1", "Application1\Application1.ls3proj", "{1B0D37F7-CDFE-4247-9BBA-98B102DADB12}"
EndProject
Project("{FAE04EC0-301F-11D3-BF4B-00C04F79EFBC}") = "SilverlightClassLibrary1", "SilverlightClassLibrary1\SilverlightClassLibrary1.csproj", "{F18574AD-DC29-45B3-911C-A5CAC0525ECA}"
EndProject
Global
	GlobalSection(SolutionConfigurationPlatforms) = preSolution
		Debug|Any CPU = Debug|Any CPU
		Release|Any CPU = Release|Any CPU
	EndGlobalSection
	GlobalSection(ProjectConfigurationPlatforms) = postSolution
		{1B0D37F7-CDFE-4247-9BBA-98B102DADB12}.Debug|Any CPU.ActiveCfg = Debug|Any CPU
		{1B0D37F7-CDFE-4247-9BBA-98B102DADB12}.Debug|Any CPU.Build.0 = Debug|Any CPU
		{1B0D37F7-CDFE-4247-9BBA-98B102DADB12}.Release|Any CPU.ActiveCfg = Release|Any CPU
		{1B0D37F7-CDFE-4247-9BBA-98B102DADB12}.Release|Any CPU.Build.0 = Release|Any CPU
		{77ABAD6B-E082-48D8-BFCA-4EE788F5FBD0}.Debug|Any CPU.ActiveCfg = Debug|Any CPU
		{77ABAD6B-E082-48D8-BFCA-4EE788F5FBD0}.Debug|Any CPU.Build.0 = Debug|Any CPU
		{77ABAD6B-E082-48D8-BFCA-4EE788F5FBD0}.Release|Any CPU.ActiveCfg = Release|Any CPU
		{77ABAD6B-E082-48D8-BFCA-4EE788F5FBD0}.Release|Any CPU.Build.0 = Release|Any CPU
		{9DE3699A-0450-462E-A209-55558B442511}.Debug|Any CPU.ActiveCfg = Debug|Any CPU
		{9DE3699A-0450-462E-A209-55558B442511}.Debug|Any CPU.Build.0 = Debug|Any CPU
		{9DE3699A-0450-462E-A209-55558B442511}.Release|Any CPU.ActiveCfg = Release|Any CPU
		{9DE3699A-0450-462E-A209-55558B442511}.Release|Any CPU.Build.0 = Release|Any CPU
		{F18574AD-DC29-45B3-911C-A5CAC0525ECA}.Debug|Any CPU.ActiveCfg = Debug|Any CPU
		{F18574AD-DC29-45B3-911C-A5CAC0525ECA}.Debug|Any CPU.Build.0 = Debug|Any CPU
		{F18574AD-DC29-45B3-911C-A5CAC0525ECA}.Release|Any CPU.ActiveCfg = Release|Any CPU
		{F18574AD-DC29-45B3-911C-A5CAC0525ECA}.Release|Any CPU.Build.0 = Release|Any CPU
	EndGlobalSection
	GlobalSection(SolutionProperties) = preSolution
		HideSolutionNode = FALSE
	EndGlobalSection
EndGlobal
